
Microsoft Visual Studio Solution File, Format Version 12.00
# Visual Studio 15
VisualStudioVersion = 15.0.28010.2050
MinimumVisualStudioVersion = 10.0.40219.1
Project("{FAE04EC0-301F-11D3-BF4B-00C04F79EFBC}") = "MonsterDataViewer", "MonsterDataViewer\MonsterDataViewer.csproj", "{7AFA9E5C-D9D6-4FD6-BA38-B6C71E1F4017}"
EndProject
Project("{FAE04EC0-301F-11D3-BF4B-00C04F79EFBC}") = "MonsterDataViewer_Result", "MonsterDataViewer_Result\MonsterDataViewer_Result.csproj", "{A99A0119-A8C1-4FAE-881B-D5FC449E8889}"
EndProject
Global
	GlobalSection(SolutionConfigurationPlatforms) = preSolution
		Debug|x86 = Debug|x86
		Release|x86 = Release|x86
	EndGlobalSection
	GlobalSection(ProjectConfigurationPlatforms) = postSolution
		{7AFA9E5C-D9D6-4FD6-BA38-B6C71E1F4017}.Debug|x86.ActiveCfg = Debug|x86
		{7AFA9E5C-D9D6-4FD6-BA38-B6C71E1F4017}.Debug|x86.Build.0 = Debug|x86
		{7AFA9E5C-D9D6-4FD6-BA38-B6C71E1F4017}.Release|x86.ActiveCfg = Release|x86
		{7AFA9E5C-D9D6-4FD6-BA38-B6C71E1F4017}.Release|x86.Build.0 = Release|x86
		{A99A0119-A8C1-4FAE-881B-D5FC449E8889}.Debug|x86.ActiveCfg = Debug|x86
		{A99A0119-A8C1-4FAE-881B-D5FC449E8889}.Debug|x86.Build.0 = Debug|x86
		{A99A0119-A8C1-4FAE-881B-D5FC449E8889}.Release|x86.ActiveCfg = Release|x86
		{A99A0119-A8C1-4FAE-881B-D5FC449E8889}.Release|x86.Build.0 = Release|x86
	EndGlobalSection
	GlobalSection(SolutionProperties) = preSolution
		HideSolutionNode = FALSE
	EndGlobalSection
	GlobalSection(ExtensibilityGlobals) = postSolution
		SolutionGuid = {CC97B214-CA5A-4E9A-BED2-C16E7D87D002}
	EndGlobalSection
EndGlobal
